// !$*UTF8*$!
{
	archiveVersion = 1;
	classes = {
	};
	objectVersion = 46;
	objects = {

/* Begin PBXBuildFile section */
		6F5151021F466D0100E73B9D /* AppDelegate.swift in Sources */ = {isa = PBXBuildFile; fileRef = 6F5151011F466D0100E73B9D /* AppDelegate.swift */; };
		6F5151041F466D0100E73B9D /* ViewController.swift in Sources */ = {isa = PBXBuildFile; fileRef = 6F5151031F466D0100E73B9D /* ViewController.swift */; };
		6F5151071F466D0100E73B9D /* Main.storyboard in Resources */ = {isa = PBXBuildFile; fileRef = 6F5151051F466D0100E73B9D /* Main.storyboard */; };
		6F5151091F466D0100E73B9D /* Assets.xcassets in Resources */ = {isa = PBXBuildFile; fileRef = 6F5151081F466D0100E73B9D /* Assets.xcassets */; };
		6F51510C1F466D0100E73B9D /* LaunchScreen.storyboard in Resources */ = {isa = PBXBuildFile; fileRef = 6F51510A1F466D0100E73B9D /* LaunchScreen.storyboard */; };
/* End PBXBuildFile section */

/* Begin PBXFileReference section */
		6F5150FE1F466D0100E73B9D /* EmojiSlider.app */ = {isa = PBXFileReference; explicitFileType = wrapper.application; includeInIndex = 0; path = EmojiSlider.app; sourceTree = BUILT_PRODUCTS_DIR; };
		6F5151011F466D0100E73B9D /* AppDelegate.swift */ = {isa = PBXFileReference; lastKnownFileType = sourcecode.swift; path = AppDelegate.swift; sourceTree = "<group>"; };
		6F5151031F466D0100E73B9D /* ViewController.swift */ = {isa = PBXFileReference; lastKnownFileType = sourcecode.swift; path = ViewController.swift; sourceTree = "<group>"; };
		6F5151061F466D0100E73B9D /* Base */ = {isa = PBXFileReference; lastKnownFileType = file.storyboard; name = Base; path = Base.lproj/Main.storyboard; sourceTree = "<group>"; };
		6F5151081F466D0100E73B9D /* Assets.xcassets */ = {isa = PBXFileReference; lastKnownFileType = folder.assetcatalog; path = Assets.xcassets; sourceTree = "<group>"; };
		6F51510B1F466D0100E73B9D /* Base */ = {isa = PBXFileReference; lastKnownFileType = file.storyboard; name = Base; path = Base.lproj/LaunchScreen.storyboard; sourceTree = "<group>"; };
		6F51510D1F466D0100E73B9D /* Info.plist */ = {isa = PBXFileReference; lastKnownFileType = text.plist.xml; path = Info.plist; sourceTree = "<group>"; };
/* End PBXFileReference section */

/* Begin PBXFrameworksBuildPhase section */
		6F5150FB1F466D0100E73B9D /* Frameworks */ = {
			isa = PBXFrameworksBuildPhase;
			buildActionMask = 2147483647;
			files = (
			);
			runOnlyForDeploymentPostprocessing = 0;
		};
/* End PBXFrameworksBuildPhase section */

/* Begin PBXGroup section */
		6F5150F51F466D0100E73B9D = {
			isa = PBXGroup;
			children = (
				6F5151001F466D0100E73B9D /* EmojiSlider */,
				6F5150FF1F466D0100E73B9D /* Products */,
			);
			sourceTree = "<group>";
		};
		6F5150FF1F466D0100E73B9D /* Products */ = {
			isa = PBXGroup;
			children = (
				6F5150FE1F466D0100E73B9D /* EmojiSlider.app */,
			);
			name = Products;
			sourceTree = "<group>";
		};
		6F5151001F466D0100E73B9D /* EmojiSlider */ = {
			isa = PBXGroup;
			children = (
				6F5151011F466D0100E73B9D /* AppDelegate.swift */,
				6F5151031F466D0100E73B9D /* ViewController.swift */,
				6F5151051F466D0100E73B9D /* Main.storyboard */,
				6F5151081F466D0100E73B9D /* Assets.xcassets */,
				6F51510A1F466D0100E73B9D /* LaunchScreen.storyboard */,
				6F51510D1F466D0100E73B9D /* Info.plist */,
			);
			path = EmojiSlider;
			sourceTree = "<group>";
		};
/* End PBXGroup section */

/* Begin PBXNativeTarget section */
		6F5150FD1F466D0100E73B9D /* EmojiSlider */ = {
			isa = PBXNativeTarget;
			buildConfigurationList = 6F5151101F466D0100E73B9D /* Build configuration list for PBXNativeTarget "EmojiSlider" */;
			buildPhases = (
				6F5150FA1F466D0100E73B9D /* Sources */,
				6F5150FB1F466D0100E73B9D /* Frameworks */,
				6F5150FC1F466D0100E73B9D /* Resources */,
			);
			buildRules = (
			);
			dependencies = (
			);
			name = EmojiSlider;
			productName = EmojiSlider;
			productReference = 6F5150FE1F466D0100E73B9D /* EmojiSlider.app */;
			productType = "com.apple.product-type.application";
		};
/* End PBXNativeTarget section */

/* Begin PBXProject section */
		6F5150F61F466D0100E73B9D /* Project object */ = {
			isa = PBXProject;
			attributes = {
				LastSwiftUpdateCheck = 0830;
				LastUpgradeCheck = 0830;
				ORGANIZATIONNAME = "Orkhan Alizada";
				TargetAttributes = {
					6F5150FD1F466D0100E73B9D = {
						CreatedOnToolsVersion = 8.3.3;
						DevelopmentTeam = G59KX8J5Z4;
						ProvisioningStyle = Automatic;
					};
				};
			};
			buildConfigurationList = 6F5150F91F466D0100E73B9D /* Build configuration list for PBXProject "EmojiSlider" */;
			compatibilityVersion = "Xcode 3.2";
			developmentRegion = English;
			hasScannedForEncodings = 0;
			knownRegions = (
				en,
				Base,
			);
			mainGroup = 6F5150F51F466D0100E73B9D;
			productRefGroup = 6F5150FF1F466D0100E73B9D /* Products */;
			projectDirPath = "";
			projectRoot = "";
			targets = (
				6F5150FD1F466D0100E73B9D /* EmojiSlider */,
			);
		};
/* End PBXProject section */

/* Begin PBXResourcesBuildPhase section */
		6F5150FC1F466D0100E73B9D /* Resources */ = {
			isa = PBXResourcesBuildPhase;
			buildActionMask = 2147483647;
			files = (
				6F51510C1F466D0100E73B9D /* LaunchScreen.storyboard in Resources */,
				6F5151091F466D0100E73B9D /* Assets.xcassets in Resources */,
				6F5151071F466D0100E73B9D /* Main.storyboard in Resources */,
			);
			runOnlyForDeploymentPostprocessing = 0;
		};
/* End PBXResourcesBuildPhase section */

/* Begin PBXSourcesBuildPhase section */
		6F5150FA1F466D0100E73B9D /* Sources */ = {
			isa = PBXSourcesBuildPhase;
			buildActionMask = 2147483647;
			files = (
				6F5151041F466D0100E73B9D /* ViewController.swift in Sources */,
				6F5151021F466D0100E73B9D /* AppDelegate.swift in Sources */,
			);
			runOnlyForDeploymentPostprocessing = 0;
		};
/* End PBXSourcesBuildPhase section */

/* Begin PBXVariantGroup section */
		6F5151051F466D0100E73B9D /* Main.storyboard */ = {
			isa = PBXVariantGroup;
			children = (
				6F5151061F466D0100E73B9D /* Base */,
			);
			name = Main.storyboard;
			sourceTree = "<group>";
		};
		6F51510A1F466D0100E73B9D /* LaunchScreen.storyboard */ = {
			isa = PBXVariantGroup;
			children = (
				6F51510B1F466D0100E73B9D /* Base */,
			);
			name = LaunchScreen.storyboard;
			sourceTree = "<group>";
		};
/* End PBXVariantGroup section */

/* Begin XCBuildConfiguration section */
		6F51510E1F466D0100E73B9D /* Debug */ = {
			isa = XCBuildConfiguration;
			buildSettings = {
				ALWAYS_SEARCH_USER_PATHS = NO;
				CLANG_ANALYZER_NONNULL = YES;
				CLANG_ANALYZER_NUMBER_OBJECT_CONVERSION = YES_AGGRESSIVE;
				CLANG_CXX_LANGUAGE_STANDARD = "gnu++0x";
				CLANG_CXX_LIBRARY = "libc++";
				CLANG_ENABLE_MODULES = YES;
				CLANG_ENABLE_OBJC_ARC = YES;
				CLANG_WARN_BOOL_CONVERSION = YES;
				CLANG_WARN_CONSTANT_CONVERSION = YES;
				CLANG_WARN_DIRECT_OBJC_ISA_USAGE = YES_ERROR;
				CLANG_WARN_DOCUMENTATION_COMMENTS = YES;
				CLANG_WARN_EMPTY_BODY = YES;
				CLANG_WARN_ENUM_CONVERSION = YES;
				CLANG_WARN_INFINITE_RECURSION = YES;
				CLANG_WARN_INT_CONVERSION = YES;
				CLANG_WARN_OBJC_ROOT_CLASS = YES_ERROR;
				CLANG_WARN_SUSPICIOUS_MOVE = YES;
				CLANG_WARN_UNREACHABLE_CODE = YES;
				CLANG_WARN__DUPLICATE_METHOD_MATCH = YES;
				"CODE_SIGN_IDENTITY[sdk=iphoneos*]" = "iPhone Developer";
				COPY_PHASE_STRIP = NO;
				DEBUG_INFORMATION_FORMAT = dwarf;
				ENABLE_STRICT_OBJC_MSGSEND = YES;
				ENABLE_TESTABILITY = YES;
				GCC_C_LANGUAGE_STANDARD = gnu99;
				GCC_DYNAMIC_NO_PIC = NO;
				GCC_NO_COMMON_BLOCKS = YES;
				GCC_OPTIMIZATION_LEVEL = 0;
				GCC_PREPROCESSOR_DEFINITIONS = (
					"DEBUG=1",
					"$(inherited)",
				);
				GCC_WARN_64_TO_32_BIT_CONVERSION = YES;
				GCC_WARN_ABOUT_RETURN_TYPE = YES_ERROR;
				GCC_WARN_UNDECLARED_SELECTOR = YES;
				GCC_WARN_UNINITIALIZED_AUTOS = YES_AGGRESSIVE;
				GCC_WARN_UNUSED_FUNCTION = YES;
				GCC_WARN_UNUSED_VARIABLE = YES;
				IPHONEOS_DEPLOYMENT_TARGET = 10.3;
				MTL_ENABLE_DEBUG_INFO = YES;
				ONLY_ACTIVE_ARCH = YES;
				SDKROOT = iphoneos;
				SWIFT_ACTIVE_COMPILATION_CONDITIONS = DEBUG;
				SWIFT_OPTIMIZATION_LEVEL = "-Onone";
			};
			name = Debug;
		};
		6F51510F1F466D0100E73B9D /* Release */ = {
			isa = XCBuildConfiguration;
			buildSettings = {
				ALWAYS_SEARCH_USER_PATHS = NO;
				CLANG_ANALYZER_NONNULL = YES;
				CLANG_ANALYZER_NUMBER_OBJECT_CONVERSION = YES_AGGRESSIVE;
				CLANG_CXX_LANGUAGE_STANDARD = "gnu++0x";
				CLANG_CXX_LIBRARY = "libc++";
				CLANG_ENABLE_MODULES = YES;
				CLANG_ENABLE_OBJC_ARC = YES;
				CLANG_WARN_BOOL_CONVERSION = YES;
				CLANG_WARN_CONSTANT_CONVERSION = YES;
				CLANG_WARN_DIRECT_OBJC_ISA_USAGE = YES_ERROR;
				CLANG_WARN_DOCUMENTATION_COMMENTS = YES;
				CLANG_WARN_EMPTY_BODY = YES;
				CLANG_WARN_ENUM_CONVERSION = YES;
				CLANG_WARN_INFINITE_RECURSION = YES;
				CLANG_WARN_INT_CONVERSION = YES;
				CLANG_WARN_OBJC_ROOT_CLASS = YES_ERROR;
				CLANG_WARN_SUSPICIOUS_MOVE = YES;
				CLANG_WARN_UNREACHABLE_CODE = YES;
				CLANG_WARN__DUPLICATE_METHOD_MATCH = YES;
				"CODE_SIGN_IDENTITY[sdk=iphoneos*]" = "iPhone Developer";
				COPY_PHASE_STRIP = NO;
				DEBUG_INFORMATION_FORMAT = "dwarf-with-dsym";
				ENABLE_NS_ASSERTIONS = NO;
				ENABLE_STRICT_OBJC_MSGSEND = YES;
				GCC_C_LANGUAGE_STANDARD = gnu99;
				GCC_NO_COMMON_BLOCKS = YES;
				GCC_WARN_64_TO_32_BIT_CONVERSION = YES;
				GCC_WARN_ABOUT_RETURN_TYPE = YES_ERROR;
				GCC_WARN_UNDECLARED_SELECTOR = YES;
				GCC_WARN_UNINITIALIZED_AUTOS = YES_AGGRESSIVE;
				GCC_WARN_UNUSED_FUNCTION = YES;
				GCC_WARN_UNUSED_VARIABLE = YES;
				IPHONEOS_DEPLOYMENT_TARGET = 10.3;
				MTL_ENABLE_DEBUG_INFO = NO;
				SDKROOT = iphoneos;
				SWIFT_OPTIMIZATION_LEVEL = "-Owholemodule";
				VALIDATE_PRODUCT = YES;
			};
			name = Release;
		};
		6F5151111F466D0100E73B9D /* Debug */ = {
			isa = XCBuildConfiguration;
			buildSettings = {
				ASSETCATALOG_COMPILER_APPICON_NAME = AppIcon;
				DEVELOPMENT_TEAM = G59KX8J5Z4;
				INFOPLIST_FILE = EmojiSlider/Info.plist;
				LD_RUNPATH_SEARCH_PATHS = "$(inherited) @executable_path/Frameworks";
				PRODUCT_BUNDLE_IDENTIFIER = orkhanalizada.EmojiSlider1;
				PRODUCT_NAME = "$(TARGET_NAME)";
				SWIFT_VERSION = 3.0;
			};
			name = Debug;
		};
		6F5151121F466D0100E73B9D /* Release */ = {
			isa = XCBuildConfiguration;
			buildSettings = {
				ASSETCATALOG_COMPILER_APPICON_NAME = AppIcon;
				DEVELOPMENT_TEAM = G59KX8J5Z4;
				INFOPLIST_FILE = EmojiSlider/Info.plist;
				LD_RUNPATH_SEARCH_PATHS = "$(inherited) @executable_path/Frameworks";
				PRODUCT_BUNDLE_IDENTIFIER = orkhanalizada.EmojiSlider1;
				PRODUCT_NAME = "$(TARGET_NAME)";
				SWIFT_VERSION = 3.0;
			};
			name = Release;
		};
/* End XCBuildConfiguration section */

/* Begin XCConfigurationList section */
		6F5150F91F466D0100E73B9D /* Build configuration list for PBXProject "EmojiSlider" */ = {
			isa = XCConfigurationList;
			buildConfigurations = (
				6F51510E1F466D0100E73B9D /* Debug */,
				6F51510F1F466D0100E73B9D /* Release */,
			);
			defaultConfigurationIsVisible = 0;
			defaultConfigurationName = Release;
		};
		6F5151101F466D0100E73B9D /* Build configuration list for PBXNativeTarget "EmojiSlider" */ = {
			isa = XCConfigurationList;
			buildConfigurations = (
				6F5151111F466D0100E73B9D /* Debug */,
				6F5151121F466D0100E73B9D /* Release */,
			);
			defaultConfigurationIsVisible = 0;
			defaultConfigurationName = Release;
		};
/* End XCConfigurationList section */
	};
	rootObject = 6F5150F61F466D0100E73B9D /* Project object */;
}
